
Microsoft Visual Studio Solution File, Format Version 12.00
# Visual Studio 15
VisualStudioVersion = 15.0.28010.2046
MinimumVisualStudioVersion = 10.0.40219.1
Project("{8BC9CEB8-8B4A-11D0-8D11-00A0C91BC942}") = "AA1_01_XML", "src\AA1_01_XML\AA1_01_XML.vcxproj", "{A29322D2-8E10-4C19-871F-2AE6B0F25EBF}"
EndProject
Project("{8BC9CEB8-8B4A-11D0-8D11-00A0C91BC942}") = "AA1_02-Test", "src\AA1_02-Test\AA1_02-Test.vcxproj", "{26AE08D3-AD39-4544-94F9-345F18035884}"
EndProject
Project("{8BC9CEB8-8B4A-11D0-8D11-00A0C91BC942}") = "AA1_02", "src\AA1_02\AA1_02.vcxproj", "{BDDF6156-047F-4423-9F12-7AA619A30BD4}"
EndProject
Global
	GlobalSection(SolutionConfigurationPlatforms) = preSolution
		Debug|x64 = Debug|x64
		Debug|x86 = Debug|x86
		Release|x64 = Release|x64
		Release|x86 = Release|x86
	EndGlobalSection
	GlobalSection(ProjectConfigurationPlatforms) = postSolution
		{A29322D2-8E10-4C19-871F-2AE6B0F25EBF}.Debug|x64.ActiveCfg = Debug|x64
		{A29322D2-8E10-4C19-871F-2AE6B0F25EBF}.Debug|x64.Build.0 = Debug|x64
		{A29322D2-8E10-4C19-871F-2AE6B0F25EBF}.Debug|x86.ActiveCfg = Debug|Win32
		{A29322D2-8E10-4C19-871F-2AE6B0F25EBF}.Debug|x86.Build.0 = Debug|Win32
		{A29322D2-8E10-4C19-871F-2AE6B0F25EBF}.Release|x64.ActiveCfg = Release|x64
		{A29322D2-8E10-4C19-871F-2AE6B0F25EBF}.Release|x64.Build.0 = Release|x64
		{A29322D2-8E10-4C19-871F-2AE6B0F25EBF}.Release|x86.ActiveCfg = Release|Win32
		{A29322D2-8E10-4C19-871F-2AE6B0F25EBF}.Release|x86.Build.0 = Release|Win32
		{26AE08D3-AD39-4544-94F9-345F18035884}.Debug|x64.ActiveCfg = Debug|x64
		{26AE08D3-AD39-4544-94F9-345F18035884}.Debug|x64.Build.0 = Debug|x64
		{26AE08D3-AD39-4544-94F9-345F18035884}.Debug|x86.ActiveCfg = Debug|Win32
		{26AE08D3-AD39-4544-94F9-345F18035884}.Debug|x86.Build.0 = Debug|Win32
		{26AE08D3-AD39-4544-94F9-345F18035884}.Release|x64.ActiveCfg = Release|x64
		{26AE08D3-AD39-4544-94F9-345F18035884}.Release|x64.Build.0 = Release|x64
		{26AE08D3-AD39-4544-94F9-345F18035884}.Release|x86.ActiveCfg = Release|Win32
		{26AE08D3-AD39-4544-94F9-345F18035884}.Release|x86.Build.0 = Release|Win32
		{BDDF6156-047F-4423-9F12-7AA619A30BD4}.Debug|x64.ActiveCfg = Debug|x64
		{BDDF6156-047F-4423-9F12-7AA619A30BD4}.Debug|x64.Build.0 = Debug|x64
		{BDDF6156-047F-4423-9F12-7AA619A30BD4}.Debug|x86.ActiveCfg = Debug|Win32
		{BDDF6156-047F-4423-9F12-7AA619A30BD4}.Debug|x86.Build.0 = Debug|Win32
		{BDDF6156-047F-4423-9F12-7AA619A30BD4}.Release|x64.ActiveCfg = Release|x64
		{BDDF6156-047F-4423-9F12-7AA619A30BD4}.Release|x64.Build.0 = Release|x64
		{BDDF6156-047F-4423-9F12-7AA619A30BD4}.Release|x86.ActiveCfg = Release|Win32
		{BDDF6156-047F-4423-9F12-7AA619A30BD4}.Release|x86.Build.0 = Release|Win32
	EndGlobalSection
	GlobalSection(SolutionProperties) = preSolution
		HideSolutionNode = FALSE
	EndGlobalSection
	GlobalSection(ExtensibilityGlobals) = postSolution
		SolutionGuid = {7738942D-6B52-4B0D-B2E2-12DFFE6CF38B}
	EndGlobalSection
EndGlobal
